
Microsoft Visual Studio Solution File, Format Version 12.00
# Visual Studio Version 17
VisualStudioVersion = 17.2.32630.192
MinimumVisualStudioVersion = 10.0.40219.1
Project("{FAE04EC0-301F-11D3-BF4B-00C04F79EFBC}") = "SampleProgram", "SampleProgram\SampleProgram.csproj", "{AD05FEB7-C69C-422B-B029-166EE312FD7D}"
EndProject
Global
	GlobalSection(SolutionConfigurationPlatforms) = preSolution
		Debug|Any CPU = Debug|Any CPU
		Release|Any CPU = Release|Any CPU
	EndGlobalSection
	GlobalSection(ProjectConfigurationPlatforms) = postSolution
		{AD05FEB7-C69C-422B-B029-166EE312FD7D}.Debug|Any CPU.ActiveCfg = Debug|Any CPU
		{AD05FEB7-C69C-422B-B029-166EE312FD7D}.Debug|Any CPU.Build.0 = Debug|Any CPU
		{AD05FEB7-C69C-422B-B029-166EE312FD7D}.Release|Any CPU.ActiveCfg = Release|Any CPU
		{AD05FEB7-C69C-422B-B029-166EE312FD7D}.Release|Any CPU.Build.0 = Release|Any CPU
	EndGlobalSection
	GlobalSection(SolutionProperties) = preSolution
		HideSolutionNode = FALSE
	EndGlobalSection
	GlobalSection(ExtensibilityGlobals) = postSolution
		SolutionGuid = {ED2D8252-6171-4AC3-8C8A-CB22549699E8}
	EndGlobalSection
EndGlobal
