
Microsoft Visual Studio Solution File, Format Version 12.00
# Visual Studio Version 17
VisualStudioVersion = 17.2.32630.192
MinimumVisualStudioVersion = 10.0.40219.1
Project("{FAE04EC0-301F-11D3-BF4B-00C04F79EFBC}") = "Assignment3Task4", "Assignment3Task4\Assignment3Task4.csproj", "{CC3E7C09-0F48-4B80-8573-D2413CF3C3B4}"
EndProject
Global
	GlobalSection(SolutionConfigurationPlatforms) = preSolution
		Debug|Any CPU = Debug|Any CPU
		Release|Any CPU = Release|Any CPU
	EndGlobalSection
	GlobalSection(ProjectConfigurationPlatforms) = postSolution
		{CC3E7C09-0F48-4B80-8573-D2413CF3C3B4}.Debug|Any CPU.ActiveCfg = Debug|Any CPU
		{CC3E7C09-0F48-4B80-8573-D2413CF3C3B4}.Debug|Any CPU.Build.0 = Debug|Any CPU
		{CC3E7C09-0F48-4B80-8573-D2413CF3C3B4}.Release|Any CPU.ActiveCfg = Release|Any CPU
		{CC3E7C09-0F48-4B80-8573-D2413CF3C3B4}.Release|Any CPU.Build.0 = Release|Any CPU
	EndGlobalSection
	GlobalSection(SolutionProperties) = preSolution
		HideSolutionNode = FALSE
	EndGlobalSection
	GlobalSection(ExtensibilityGlobals) = postSolution
		SolutionGuid = {84FB74FB-1D98-4B8E-8FB3-D0CB6DCC5DEE}
	EndGlobalSection
EndGlobal
