
Microsoft Visual Studio Solution File, Format Version 12.00
# Visual Studio Version 17
VisualStudioVersion = 17.2.32630.192
MinimumVisualStudioVersion = 10.0.40219.1
Project("{FAE04EC0-301F-11D3-BF4B-00C04F79EFBC}") = "ConsoleAppStringArraySwitchCase", "ConsoleAppStringArraySwitchCase\ConsoleAppStringArraySwitchCase.csproj", "{473B61AF-5FC0-4682-88D4-7E50F01D296B}"
EndProject
Global
	GlobalSection(SolutionConfigurationPlatforms) = preSolution
		Debug|Any CPU = Debug|Any CPU
		Release|Any CPU = Release|Any CPU
	EndGlobalSection
	GlobalSection(ProjectConfigurationPlatforms) = postSolution
		{473B61AF-5FC0-4682-88D4-7E50F01D296B}.Debug|Any CPU.ActiveCfg = Debug|Any CPU
		{473B61AF-5FC0-4682-88D4-7E50F01D296B}.Debug|Any CPU.Build.0 = Debug|Any CPU
		{473B61AF-5FC0-4682-88D4-7E50F01D296B}.Release|Any CPU.ActiveCfg = Release|Any CPU
		{473B61AF-5FC0-4682-88D4-7E50F01D296B}.Release|Any CPU.Build.0 = Release|Any CPU
	EndGlobalSection
	GlobalSection(SolutionProperties) = preSolution
		HideSolutionNode = FALSE
	EndGlobalSection
	GlobalSection(ExtensibilityGlobals) = postSolution
		SolutionGuid = {C9700198-348E-4B4C-B534-634C27F8B9C7}
	EndGlobalSection
EndGlobal
