
Microsoft Visual Studio Solution File, Format Version 12.00
# Visual Studio Version 16
VisualStudioVersion = 16.0.30621.155
MinimumVisualStudioVersion = 10.0.40219.1
Project("{FAE04EC0-301F-11D3-BF4B-00C04F79EFBC}") = "Authetication1", "Authetication1\Authetication1.csproj", "{63EFBD68-4ABD-408B-A3CA-7CCF723D3BE2}"
EndProject
Global
	GlobalSection(SolutionConfigurationPlatforms) = preSolution
		Debug|Any CPU = Debug|Any CPU
		Release|Any CPU = Release|Any CPU
	EndGlobalSection
	GlobalSection(ProjectConfigurationPlatforms) = postSolution
		{63EFBD68-4ABD-408B-A3CA-7CCF723D3BE2}.Debug|Any CPU.ActiveCfg = Debug|Any CPU
		{63EFBD68-4ABD-408B-A3CA-7CCF723D3BE2}.Debug|Any CPU.Build.0 = Debug|Any CPU
		{63EFBD68-4ABD-408B-A3CA-7CCF723D3BE2}.Release|Any CPU.ActiveCfg = Release|Any CPU
		{63EFBD68-4ABD-408B-A3CA-7CCF723D3BE2}.Release|Any CPU.Build.0 = Release|Any CPU
	EndGlobalSection
	GlobalSection(SolutionProperties) = preSolution
		HideSolutionNode = FALSE
	EndGlobalSection
	GlobalSection(ExtensibilityGlobals) = postSolution
		SolutionGuid = {A1BA7693-4C94-4312-B382-B42D4BEF3BAA}
	EndGlobalSection
EndGlobal
