
Microsoft Visual Studio Solution File, Format Version 12.00
# Visual Studio Version 17
VisualStudioVersion = 17.2.32630.192
MinimumVisualStudioVersion = 10.0.40219.1
Project("{FAE04EC0-301F-11D3-BF4B-00C04F79EFBC}") = "SumReusableClassLibrary", "SumReusableClassLibrary\SumReusableClassLibrary.csproj", "{70778250-4A61-443A-9CE5-35CDE6F43B7B}"
EndProject
Global
	GlobalSection(SolutionConfigurationPlatforms) = preSolution
		Debug|Any CPU = Debug|Any CPU
		Release|Any CPU = Release|Any CPU
	EndGlobalSection
	GlobalSection(ProjectConfigurationPlatforms) = postSolution
		{70778250-4A61-443A-9CE5-35CDE6F43B7B}.Debug|Any CPU.ActiveCfg = Debug|Any CPU
		{70778250-4A61-443A-9CE5-35CDE6F43B7B}.Debug|Any CPU.Build.0 = Debug|Any CPU
		{70778250-4A61-443A-9CE5-35CDE6F43B7B}.Release|Any CPU.ActiveCfg = Release|Any CPU
		{70778250-4A61-443A-9CE5-35CDE6F43B7B}.Release|Any CPU.Build.0 = Release|Any CPU
	EndGlobalSection
	GlobalSection(SolutionProperties) = preSolution
		HideSolutionNode = FALSE
	EndGlobalSection
	GlobalSection(ExtensibilityGlobals) = postSolution
		SolutionGuid = {2521E1FB-08DA-4F6A-ADF9-11C3EA1EAC3E}
	EndGlobalSection
EndGlobal
