
Microsoft Visual Studio Solution File, Format Version 12.00
# Visual Studio Version 17
VisualStudioVersion = 17.3.32825.248
MinimumVisualStudioVersion = 10.0.40219.1
Project("{FAE04EC0-301F-11D3-BF4B-00C04F79EFBC}") = "Lab4Task2B", "Lab4Task2B\Lab4Task2B.csproj", "{C6D621DF-9F5D-49D7-99B3-7BB2CD6F5C16}"
EndProject
Global
	GlobalSection(SolutionConfigurationPlatforms) = preSolution
		Debug|Any CPU = Debug|Any CPU
		Release|Any CPU = Release|Any CPU
	EndGlobalSection
	GlobalSection(ProjectConfigurationPlatforms) = postSolution
		{C6D621DF-9F5D-49D7-99B3-7BB2CD6F5C16}.Debug|Any CPU.ActiveCfg = Debug|Any CPU
		{C6D621DF-9F5D-49D7-99B3-7BB2CD6F5C16}.Debug|Any CPU.Build.0 = Debug|Any CPU
		{C6D621DF-9F5D-49D7-99B3-7BB2CD6F5C16}.Release|Any CPU.ActiveCfg = Release|Any CPU
		{C6D621DF-9F5D-49D7-99B3-7BB2CD6F5C16}.Release|Any CPU.Build.0 = Release|Any CPU
	EndGlobalSection
	GlobalSection(SolutionProperties) = preSolution
		HideSolutionNode = FALSE
	EndGlobalSection
	GlobalSection(ExtensibilityGlobals) = postSolution
		SolutionGuid = {8C4B76D8-9E1D-42FB-B3A3-2C5DEE3189A2}
	EndGlobalSection
EndGlobal
