
Microsoft Visual Studio Solution File, Format Version 12.00
# Visual Studio Version 17
VisualStudioVersion = 17.2.32630.192
MinimumVisualStudioVersion = 10.0.40219.1
Project("{9A19103F-16F7-4668-BE54-9A1E7A4F7556}") = "Assignment3ClassMembersPropertiesConsoleApp", "Lab2ClassMembersConsoleApp\Assignment3ClassMembersPropertiesConsoleApp.csproj", "{6E7E6F6A-43D3-4591-B48D-1700B07D7679}"
EndProject
Global
	GlobalSection(SolutionConfigurationPlatforms) = preSolution
		Debug|Any CPU = Debug|Any CPU
		Release|Any CPU = Release|Any CPU
	EndGlobalSection
	GlobalSection(ProjectConfigurationPlatforms) = postSolution
		{6E7E6F6A-43D3-4591-B48D-1700B07D7679}.Debug|Any CPU.ActiveCfg = Debug|Any CPU
		{6E7E6F6A-43D3-4591-B48D-1700B07D7679}.Debug|Any CPU.Build.0 = Debug|Any CPU
		{6E7E6F6A-43D3-4591-B48D-1700B07D7679}.Release|Any CPU.ActiveCfg = Release|Any CPU
		{6E7E6F6A-43D3-4591-B48D-1700B07D7679}.Release|Any CPU.Build.0 = Release|Any CPU
	EndGlobalSection
	GlobalSection(SolutionProperties) = preSolution
		HideSolutionNode = FALSE
	EndGlobalSection
	GlobalSection(ExtensibilityGlobals) = postSolution
		SolutionGuid = {60D8F120-811D-41E0-ABC5-F6090FAF2A75}
	EndGlobalSection
EndGlobal
