
Microsoft Visual Studio Solution File, Format Version 12.00
# Visual Studio Version 17
VisualStudioVersion = 17.2.32630.192
MinimumVisualStudioVersion = 10.0.40219.1
Project("{FAE04EC0-301F-11D3-BF4B-00C04F79EFBC}") = "Assignment3Lab3Taskb", "Assignment3Lab3Taskb\Assignment3Lab3Taskb.csproj", "{F603FE32-353E-4E85-BE85-F3DFF53D861F}"
EndProject
Global
	GlobalSection(SolutionConfigurationPlatforms) = preSolution
		Debug|Any CPU = Debug|Any CPU
		Release|Any CPU = Release|Any CPU
	EndGlobalSection
	GlobalSection(ProjectConfigurationPlatforms) = postSolution
		{F603FE32-353E-4E85-BE85-F3DFF53D861F}.Debug|Any CPU.ActiveCfg = Debug|Any CPU
		{F603FE32-353E-4E85-BE85-F3DFF53D861F}.Debug|Any CPU.Build.0 = Debug|Any CPU
		{F603FE32-353E-4E85-BE85-F3DFF53D861F}.Release|Any CPU.ActiveCfg = Release|Any CPU
		{F603FE32-353E-4E85-BE85-F3DFF53D861F}.Release|Any CPU.Build.0 = Release|Any CPU
	EndGlobalSection
	GlobalSection(SolutionProperties) = preSolution
		HideSolutionNode = FALSE
	EndGlobalSection
	GlobalSection(ExtensibilityGlobals) = postSolution
		SolutionGuid = {C8FB9B58-D5B8-4221-8B25-36C60AD19596}
	EndGlobalSection
EndGlobal
